
Microsoft Visual Studio Solution File, Format Version 12.00
# Visual Studio Version 16
VisualStudioVersion = 16.0.30330.147
MinimumVisualStudioVersion = 15.0.26124.0
Project("{9A19103F-16F7-4668-BE54-9A1E7A4F7556}") = "Domain", "Domain\Domain.csproj", "{DE0B02A2-F36C-4BCD-9C03-D9E0ABA08854}"
EndProject
Project("{9A19103F-16F7-4668-BE54-9A1E7A4F7556}") = "Application", "Application\Application.csproj", "{6E5E9F38-353D-41E0-99F2-2802C12A7894}"
EndProject
Project("{9A19103F-16F7-4668-BE54-9A1E7A4F7556}") = "Persistence", "Persistence\Persistence.csproj", "{DB926D84-016C-4A17-83F1-861383FFE700}"
EndProject
Project("{9A19103F-16F7-4668-BE54-9A1E7A4F7556}") = "API", "API\API.csproj", "{C43FC9E5-626A-4C32-B525-1EA4558FCF4B}"
EndProject
Project("{9A19103F-16F7-4668-BE54-9A1E7A4F7556}") = "Infrastructure", "Infrastructure\Infrastructure.csproj", "{4436EF5E-7FB3-4B73-894F-9967064937E6}"
EndProject
Global
	GlobalSection(SolutionConfigurationPlatforms) = preSolution
		Debug|Any CPU = Debug|Any CPU
		Debug|x64 = Debug|x64
		Debug|x86 = Debug|x86
		Release|Any CPU = Release|Any CPU
		Release|x64 = Release|x64
		Release|x86 = Release|x86
	EndGlobalSection
	GlobalSection(ProjectConfigurationPlatforms) = postSolution
		{DE0B02A2-F36C-4BCD-9C03-D9E0ABA08854}.Debug|Any CPU.ActiveCfg = Debug|Any CPU
		{DE0B02A2-F36C-4BCD-9C03-D9E0ABA08854}.Debug|Any CPU.Build.0 = Debug|Any CPU
		{DE0B02A2-F36C-4BCD-9C03-D9E0ABA08854}.Debug|x64.ActiveCfg = Debug|Any CPU
		{DE0B02A2-F36C-4BCD-9C03-D9E0ABA08854}.Debug|x64.Build.0 = Debug|Any CPU
		{DE0B02A2-F36C-4BCD-9C03-D9E0ABA08854}.Debug|x86.ActiveCfg = Debug|Any CPU
		{DE0B02A2-F36C-4BCD-9C03-D9E0ABA08854}.Debug|x86.Build.0 = Debug|Any CPU
		{DE0B02A2-F36C-4BCD-9C03-D9E0ABA08854}.Release|Any CPU.ActiveCfg = Release|Any CPU
		{DE0B02A2-F36C-4BCD-9C03-D9E0ABA08854}.Release|Any CPU.Build.0 = Release|Any CPU
		{DE0B02A2-F36C-4BCD-9C03-D9E0ABA08854}.Release|x64.ActiveCfg = Release|Any CPU
		{DE0B02A2-F36C-4BCD-9C03-D9E0ABA08854}.Release|x64.Build.0 = Release|Any CPU
		{DE0B02A2-F36C-4BCD-9C03-D9E0ABA08854}.Release|x86.ActiveCfg = Release|Any CPU
		{DE0B02A2-F36C-4BCD-9C03-D9E0ABA08854}.Release|x86.Build.0 = Release|Any CPU
		{6E5E9F38-353D-41E0-99F2-2802C12A7894}.Debug|Any CPU.ActiveCfg = Debug|Any CPU
		{6E5E9F38-353D-41E0-99F2-2802C12A7894}.Debug|Any CPU.Build.0 = Debug|Any CPU
		{6E5E9F38-353D-41E0-99F2-2802C12A7894}.Debug|x64.ActiveCfg = Debug|Any CPU
		{6E5E9F38-353D-41E0-99F2-2802C12A7894}.Debug|x64.Build.0 = Debug|Any CPU
		{6E5E9F38-353D-41E0-99F2-2802C12A7894}.Debug|x86.ActiveCfg = Debug|Any CPU
		{6E5E9F38-353D-41E0-99F2-2802C12A7894}.Debug|x86.Build.0 = Debug|Any CPU
		{6E5E9F38-353D-41E0-99F2-2802C12A7894}.Release|Any CPU.ActiveCfg = Release|Any CPU
		{6E5E9F38-353D-41E0-99F2-2802C12A7894}.Release|Any CPU.Build.0 = Release|Any CPU
		{6E5E9F38-353D-41E0-99F2-2802C12A7894}.Release|x64.ActiveCfg = Release|Any CPU
		{6E5E9F38-353D-41E0-99F2-2802C12A7894}.Release|x64.Build.0 = Release|Any CPU
		{6E5E9F38-353D-41E0-99F2-2802C12A7894}.Release|x86.ActiveCfg = Release|Any CPU
		{6E5E9F38-353D-41E0-99F2-2802C12A7894}.Release|x86.Build.0 = Release|Any CPU
		{DB926D84-016C-4A17-83F1-861383FFE700}.Debug|Any CPU.ActiveCfg = Debug|Any CPU
		{DB926D84-016C-4A17-83F1-861383FFE700}.Debug|Any CPU.Build.0 = Debug|Any CPU
		{DB926D84-016C-4A17-83F1-861383FFE700}.Debug|x64.ActiveCfg = Debug|Any CPU
		{DB926D84-016C-4A17-83F1-861383FFE700}.Debug|x64.Build.0 = Debug|Any CPU
		{DB926D84-016C-4A17-83F1-861383FFE700}.Debug|x86.ActiveCfg = Debug|Any CPU
		{DB926D84-016C-4A17-83F1-861383FFE700}.Debug|x86.Build.0 = Debug|Any CPU
		{DB926D84-016C-4A17-83F1-861383FFE700}.Release|Any CPU.ActiveCfg = Release|Any CPU
		{DB926D84-016C-4A17-83F1-861383FFE700}.Release|Any CPU.Build.0 = Release|Any CPU
		{DB926D84-016C-4A17-83F1-861383FFE700}.Release|x64.ActiveCfg = Release|Any CPU
		{DB926D84-016C-4A17-83F1-861383FFE700}.Release|x64.Build.0 = Release|Any CPU
		{DB926D84-016C-4A17-83F1-861383FFE700}.Release|x86.ActiveCfg = Release|Any CPU
		{DB926D84-016C-4A17-83F1-861383FFE700}.Release|x86.Build.0 = Release|Any CPU
		{C43FC9E5-626A-4C32-B525-1EA4558FCF4B}.Debug|Any CPU.ActiveCfg = Debug|Any CPU
		{C43FC9E5-626A-4C32-B525-1EA4558FCF4B}.Debug|Any CPU.Build.0 = Debug|Any CPU
		{C43FC9E5-626A-4C32-B525-1EA4558FCF4B}.Debug|x64.ActiveCfg = Debug|Any CPU
		{C43FC9E5-626A-4C32-B525-1EA4558FCF4B}.Debug|x64.Build.0 = Debug|Any CPU
		{C43FC9E5-626A-4C32-B525-1EA4558FCF4B}.Debug|x86.ActiveCfg = Debug|Any CPU
		{C43FC9E5-626A-4C32-B525-1EA4558FCF4B}.Debug|x86.Build.0 = Debug|Any CPU
		{C43FC9E5-626A-4C32-B525-1EA4558FCF4B}.Release|Any CPU.ActiveCfg = Release|Any CPU
		{C43FC9E5-626A-4C32-B525-1EA4558FCF4B}.Release|Any CPU.Build.0 = Release|Any CPU
		{C43FC9E5-626A-4C32-B525-1EA4558FCF4B}.Release|x64.ActiveCfg = Release|Any CPU
		{C43FC9E5-626A-4C32-B525-1EA4558FCF4B}.Release|x64.Build.0 = Release|Any CPU
		{C43FC9E5-626A-4C32-B525-1EA4558FCF4B}.Release|x86.ActiveCfg = Release|Any CPU
		{C43FC9E5-626A-4C32-B525-1EA4558FCF4B}.Release|x86.Build.0 = Release|Any CPU
		{4436EF5E-7FB3-4B73-894F-9967064937E6}.Debug|Any CPU.ActiveCfg = Debug|Any CPU
		{4436EF5E-7FB3-4B73-894F-9967064937E6}.Debug|Any CPU.Build.0 = Debug|Any CPU
		{4436EF5E-7FB3-4B73-894F-9967064937E6}.Debug|x64.ActiveCfg = Debug|Any CPU
		{4436EF5E-7FB3-4B73-894F-9967064937E6}.Debug|x64.Build.0 = Debug|Any CPU
		{4436EF5E-7FB3-4B73-894F-9967064937E6}.Debug|x86.ActiveCfg = Debug|Any CPU
		{4436EF5E-7FB3-4B73-894F-9967064937E6}.Debug|x86.Build.0 = Debug|Any CPU
		{4436EF5E-7FB3-4B73-894F-9967064937E6}.Release|Any CPU.ActiveCfg = Release|Any CPU
		{4436EF5E-7FB3-4B73-894F-9967064937E6}.Release|Any CPU.Build.0 = Release|Any CPU
		{4436EF5E-7FB3-4B73-894F-9967064937E6}.Release|x64.ActiveCfg = Release|Any CPU
		{4436EF5E-7FB3-4B73-894F-9967064937E6}.Release|x64.Build.0 = Release|Any CPU
		{4436EF5E-7FB3-4B73-894F-9967064937E6}.Release|x86.ActiveCfg = Release|Any CPU
		{4436EF5E-7FB3-4B73-894F-9967064937E6}.Release|x86.Build.0 = Release|Any CPU
	EndGlobalSection
	GlobalSection(SolutionProperties) = preSolution
		HideSolutionNode = FALSE
	EndGlobalSection
	GlobalSection(ExtensibilityGlobals) = postSolution
		SolutionGuid = {09364651-3145-49E3-90A7-45BF24F76CAB}
	EndGlobalSection
EndGlobal
